// !$*UTF8*$!
{
	archiveVersion = 1;
	classes = {
	};
	objectVersion = 46;
	objects = {

/* Begin PBXBuildFile section */
		122314F21D618B22003864BD /* AppDelegate.swift in Sources */ = {isa = PBXBuildFile; fileRef = 122314F11D618B22003864BD /* AppDelegate.swift */; };
		122314F41D618B22003864BD /* ViewController.swift in Sources */ = {isa = PBXBuildFile; fileRef = 122314F31D618B22003864BD /* ViewController.swift */; };
		122314F71D618B22003864BD /* Main.storyboard in Resources */ = {isa = PBXBuildFile; fileRef = 122314F51D618B22003864BD /* Main.storyboard */; };
		122314F91D618B22003864BD /* Assets.xcassets in Resources */ = {isa = PBXBuildFile; fileRef = 122314F81D618B22003864BD /* Assets.xcassets */; };
		122314FC1D618B22003864BD /* LaunchScreen.storyboard in Resources */ = {isa = PBXBuildFile; fileRef = 122314FA1D618B22003864BD /* LaunchScreen.storyboard */; };
/* End PBXBuildFile section */

/* Begin PBXFileReference section */
		122314EE1D618B22003864BD /* Salada.app */ = {isa = PBXFileReference; explicitFileType = wrapper.application; includeInIndex = 0; path = Salada.app; sourceTree = BUILT_PRODUCTS_DIR; };
		122314F11D618B22003864BD /* AppDelegate.swift */ = {isa = PBXFileReference; lastKnownFileType = sourcecode.swift; path = AppDelegate.swift; sourceTree = "<group>"; };
		122314F31D618B22003864BD /* ViewController.swift */ = {isa = PBXFileReference; lastKnownFileType = sourcecode.swift; path = ViewController.swift; sourceTree = "<group>"; };
		122314F61D618B22003864BD /* Base */ = {isa = PBXFileReference; lastKnownFileType = file.storyboard; name = Base; path = Base.lproj/Main.storyboard; sourceTree = "<group>"; };
		122314F81D618B22003864BD /* Assets.xcassets */ = {isa = PBXFileReference; lastKnownFileType = folder.assetcatalog; path = Assets.xcassets; sourceTree = "<group>"; };
		122314FB1D618B22003864BD /* Base */ = {isa = PBXFileReference; lastKnownFileType = file.storyboard; name = Base; path = Base.lproj/LaunchScreen.storyboard; sourceTree = "<group>"; };
		122314FD1D618B22003864BD /* Info.plist */ = {isa = PBXFileReference; lastKnownFileType = text.plist.xml; path = Info.plist; sourceTree = "<group>"; };
/* End PBXFileReference section */

/* Begin PBXFrameworksBuildPhase section */
		122314EB1D618B22003864BD /* Frameworks */ = {
			isa = PBXFrameworksBuildPhase;
			buildActionMask = 2147483647;
			files = (
			);
			runOnlyForDeploymentPostprocessing = 0;
		};
/* End PBXFrameworksBuildPhase section */

/* Begin PBXGroup section */
		122314E51D618B22003864BD = {
			isa = PBXGroup;
			children = (
				122314F01D618B22003864BD /* Salada */,
				122314EF1D618B22003864BD /* Products */,
			);
			sourceTree = "<group>";
		};
		122314EF1D618B22003864BD /* Products */ = {
			isa = PBXGroup;
			children = (
				122314EE1D618B22003864BD /* Salada.app */,
			);
			name = Products;
			sourceTree = "<group>";
		};
		122314F01D618B22003864BD /* Salada */ = {
			isa = PBXGroup;
			children = (
				122314F11D618B22003864BD /* AppDelegate.swift */,
				122314F31D618B22003864BD /* ViewController.swift */,
				122314F51D618B22003864BD /* Main.storyboard */,
				122314F81D618B22003864BD /* Assets.xcassets */,
				122314FA1D618B22003864BD /* LaunchScreen.storyboard */,
				122314FD1D618B22003864BD /* Info.plist */,
			);
			path = Salada;
			sourceTree = "<group>";
		};
/* End PBXGroup section */

/* Begin PBXNativeTarget section */
		122314ED1D618B22003864BD /* Salada */ = {
			isa = PBXNativeTarget;
			buildConfigurationList = 122315001D618B22003864BD /* Build configuration list for PBXNativeTarget "Salada" */;
			buildPhases = (
				122314EA1D618B22003864BD /* Sources */,
				122314EB1D618B22003864BD /* Frameworks */,
				122314EC1D618B22003864BD /* Resources */,
			);
			buildRules = (
			);
			dependencies = (
			);
			name = Salada;
			productName = Salada;
			productReference = 122314EE1D618B22003864BD /* Salada.app */;
			productType = "com.apple.product-type.application";
		};
/* End PBXNativeTarget section */

/* Begin PBXProject section */
		122314E61D618B22003864BD /* Project object */ = {
			isa = PBXProject;
			attributes = {
				LastSwiftUpdateCheck = 0730;
				LastUpgradeCheck = 0730;
				ORGANIZATIONNAME = Stamp;
				TargetAttributes = {
					122314ED1D618B22003864BD = {
						CreatedOnToolsVersion = 7.3.1;
					};
				};
			};
			buildConfigurationList = 122314E91D618B22003864BD /* Build configuration list for PBXProject "Salada" */;
			compatibilityVersion = "Xcode 3.2";
			developmentRegion = English;
			hasScannedForEncodings = 0;
			knownRegions = (
				en,
				Base,
			);
			mainGroup = 122314E51D618B22003864BD;
			productRefGroup = 122314EF1D618B22003864BD /* Products */;
			projectDirPath = "";
			projectRoot = "";
			targets = (
				122314ED1D618B22003864BD /* Salada */,
			);
		};
/* End PBXProject section */

/* Begin PBXResourcesBuildPhase section */
		122314EC1D618B22003864BD /* Resources */ = {
			isa = PBXResourcesBuildPhase;
			buildActionMask = 2147483647;
			files = (
				122314FC1D618B22003864BD /* LaunchScreen.storyboard in Resources */,
				122314F91D618B22003864BD /* Assets.xcassets in Resources */,
				122314F71D618B22003864BD /* Main.storyboard in Resources */,
			);
			runOnlyForDeploymentPostprocessing = 0;
		};
/* End PBXResourcesBuildPhase section */

/* Begin PBXSourcesBuildPhase section */
		122314EA1D618B22003864BD /* Sources */ = {
			isa = PBXSourcesBuildPhase;
			buildActionMask = 2147483647;
			files = (
				122314F41D618B22003864BD /* ViewController.swift in Sources */,
				122314F21D618B22003864BD /* AppDelegate.swift in Sources */,
			);
			runOnlyForDeploymentPostprocessing = 0;
		};
/* End PBXSourcesBuildPhase section */

/* Begin PBXVariantGroup section */
		122314F51D618B22003864BD /* Main.storyboard */ = {
			isa = PBXVariantGroup;
			children = (
				122314F61D618B22003864BD /* Base */,
			);
			name = Main.storyboard;
			sourceTree = "<group>";
		};
		122314FA1D618B22003864BD /* LaunchScreen.storyboard */ = {
			isa = PBXVariantGroup;
			children = (
				122314FB1D618B22003864BD /* Base */,
			);
			name = LaunchScreen.storyboard;
			sourceTree = "<group>";
		};
/* End PBXVariantGroup section */

/* Begin XCBuildConfiguration section */
		122314FE1D618B22003864BD /* Debug */ = {
			isa = XCBuildConfiguration;
			buildSettings = {
				ALWAYS_SEARCH_USER_PATHS = NO;
				CLANG_ANALYZER_NONNULL = YES;
				CLANG_CXX_LANGUAGE_STANDARD = "gnu++0x";
				CLANG_CXX_LIBRARY = "libc++";
				CLANG_ENABLE_MODULES = YES;
				CLANG_ENABLE_OBJC_ARC = YES;
				CLANG_WARN_BOOL_CONVERSION = YES;
				CLANG_WARN_CONSTANT_CONVERSION = YES;
				CLANG_WARN_DIRECT_OBJC_ISA_USAGE = YES_ERROR;
				CLANG_WARN_EMPTY_BODY = YES;
				CLANG_WARN_ENUM_CONVERSION = YES;
				CLANG_WARN_INT_CONVERSION = YES;
				CLANG_WARN_OBJC_ROOT_CLASS = YES_ERROR;
				CLANG_WARN_UNREACHABLE_CODE = YES;
				CLANG_WARN__DUPLICATE_METHOD_MATCH = YES;
				"CODE_SIGN_IDENTITY[sdk=iphoneos*]" = "iPhone Developer";
				COPY_PHASE_STRIP = NO;
				DEBUG_INFORMATION_FORMAT = dwarf;
				ENABLE_STRICT_OBJC_MSGSEND = YES;
				ENABLE_TESTABILITY = YES;
				GCC_C_LANGUAGE_STANDARD = gnu99;
				GCC_DYNAMIC_NO_PIC = NO;
				GCC_NO_COMMON_BLOCKS = YES;
				GCC_OPTIMIZATION_LEVEL = 0;
				GCC_PREPROCESSOR_DEFINITIONS = (
					"DEBUG=1",
					"$(inherited)",
				);
				GCC_WARN_64_TO_32_BIT_CONVERSION = YES;
				GCC_WARN_ABOUT_RETURN_TYPE = YES_ERROR;
				GCC_WARN_UNDECLARED_SELECTOR = YES;
				GCC_WARN_UNINITIALIZED_AUTOS = YES_AGGRESSIVE;
				GCC_WARN_UNUSED_FUNCTION = YES;
				GCC_WARN_UNUSED_VARIABLE = YES;
				IPHONEOS_DEPLOYMENT_TARGET = 9.3;
				MTL_ENABLE_DEBUG_INFO = YES;
				ONLY_ACTIVE_ARCH = YES;
				SDKROOT = iphoneos;
				SWIFT_OPTIMIZATION_LEVEL = "-Onone";
			};
			name = Debug;
		};
		122314FF1D618B22003864BD /* Release */ = {
			isa = XCBuildConfiguration;
			buildSettings = {
				ALWAYS_SEARCH_USER_PATHS = NO;
				CLANG_ANALYZER_NONNULL = YES;
				CLANG_CXX_LANGUAGE_STANDARD = "gnu++0x";
				CLANG_CXX_LIBRARY = "libc++";
				CLANG_ENABLE_MODULES = YES;
				CLANG_ENABLE_OBJC_ARC = YES;
				CLANG_WARN_BOOL_CONVERSION = YES;
				CLANG_WARN_CONSTANT_CONVERSION = YES;
				CLANG_WARN_DIRECT_OBJC_ISA_USAGE = YES_ERROR;
				CLANG_WARN_EMPTY_BODY = YES;
				CLANG_WARN_ENUM_CONVERSION = YES;
				CLANG_WARN_INT_CONVERSION = YES;
				CLANG_WARN_OBJC_ROOT_CLASS = YES_ERROR;
				CLANG_WARN_UNREACHABLE_CODE = YES;
				CLANG_WARN__DUPLICATE_METHOD_MATCH = YES;
				"CODE_SIGN_IDENTITY[sdk=iphoneos*]" = "iPhone Developer";
				COPY_PHASE_STRIP = NO;
				DEBUG_INFORMATION_FORMAT = "dwarf-with-dsym";
				ENABLE_NS_ASSERTIONS = NO;
				ENABLE_STRICT_OBJC_MSGSEND = YES;
				GCC_C_LANGUAGE_STANDARD = gnu99;
				GCC_NO_COMMON_BLOCKS = YES;
				GCC_WARN_64_TO_32_BIT_CONVERSION = YES;
				GCC_WARN_ABOUT_RETURN_TYPE = YES_ERROR;
				GCC_WARN_UNDECLARED_SELECTOR = YES;
				GCC_WARN_UNINITIALIZED_AUTOS = YES_AGGRESSIVE;
				GCC_WARN_UNUSED_FUNCTION = YES;
				GCC_WARN_UNUSED_VARIABLE = YES;
				IPHONEOS_DEPLOYMENT_TARGET = 9.3;
				MTL_ENABLE_DEBUG_INFO = NO;
				SDKROOT = iphoneos;
				VALIDATE_PRODUCT = YES;
			};
			name = Release;
		};
		122315011D618B22003864BD /* Debug */ = {
			isa = XCBuildConfiguration;
			buildSettings = {
				ASSETCATALOG_COMPILER_APPICON_NAME = AppIcon;
				INFOPLIST_FILE = Salada/Info.plist;
				LD_RUNPATH_SEARCH_PATHS = "$(inherited) @executable_path/Frameworks";
				PRODUCT_BUNDLE_IDENTIFIER = inc.stamp.Salada;
				PRODUCT_NAME = "$(TARGET_NAME)";
			};
			name = Debug;
		};
		122315021D618B22003864BD /* Release */ = {
			isa = XCBuildConfiguration;
			buildSettings = {
				ASSETCATALOG_COMPILER_APPICON_NAME = AppIcon;
				INFOPLIST_FILE = Salada/Info.plist;
				LD_RUNPATH_SEARCH_PATHS = "$(inherited) @executable_path/Frameworks";
				PRODUCT_BUNDLE_IDENTIFIER = inc.stamp.Salada;
				PRODUCT_NAME = "$(TARGET_NAME)";
			};
			name = Release;
		};
/* End XCBuildConfiguration section */

/* Begin XCConfigurationList section */
		122314E91D618B22003864BD /* Build configuration list for PBXProject "Salada" */ = {
			isa = XCConfigurationList;
			buildConfigurations = (
				122314FE1D618B22003864BD /* Debug */,
				122314FF1D618B22003864BD /* Release */,
			);
			defaultConfigurationIsVisible = 0;
			defaultConfigurationName = Release;
		};
		122315001D618B22003864BD /* Build configuration list for PBXNativeTarget "Salada" */ = {
			isa = XCConfigurationList;
			buildConfigurations = (
				122315011D618B22003864BD /* Debug */,
				122315021D618B22003864BD /* Release */,
			);
			defaultConfigurationIsVisible = 0;
		};
/* End XCConfigurationList section */
	};
	rootObject = 122314E61D618B22003864BD /* Project object */;
}
