// !$*UTF8*$!
{
	archiveVersion = 1;
	classes = {
	};
	objectVersion = 48;
	objects = {

/* Begin PBXBuildFile section */
		0D7EE46696AB12D55577F63B /* Pods_SaladaTests.framework in Frameworks */ = {isa = PBXBuildFile; fileRef = 12DBD946A29B49B6DDF44E35 /* Pods_SaladaTests.framework */; };
		1242009F1D658ECB004B87B1 /* Info.plist in Resources */ = {isa = PBXBuildFile; fileRef = 129DF2781D654A1F00AD8148 /* Info.plist */; };
		129DF2771D654A1F00AD8148 /* SaladaTests.swift in Sources */ = {isa = PBXBuildFile; fileRef = 129DF2761D654A1F00AD8148 /* SaladaTests.swift */; };
		129DF2831D65511900AD8148 /* TestModel.swift in Sources */ = {isa = PBXBuildFile; fileRef = 129DF2821D65511900AD8148 /* TestModel.swift */; };
		12CB1A5A1D95184300E69000 /* AppDelegate.swift in Sources */ = {isa = PBXBuildFile; fileRef = 12CB1A591D95184300E69000 /* AppDelegate.swift */; };
		12CB1A5C1D95184300E69000 /* ViewController.swift in Sources */ = {isa = PBXBuildFile; fileRef = 12CB1A5B1D95184300E69000 /* ViewController.swift */; };
		12CB1A5F1D95184300E69000 /* Main.storyboard in Resources */ = {isa = PBXBuildFile; fileRef = 12CB1A5D1D95184300E69000 /* Main.storyboard */; };
		12CB1A611D95184300E69000 /* Assets.xcassets in Resources */ = {isa = PBXBuildFile; fileRef = 12CB1A601D95184300E69000 /* Assets.xcassets */; };
		12CB1A641D95184300E69000 /* LaunchScreen.storyboard in Resources */ = {isa = PBXBuildFile; fileRef = 12CB1A621D95184300E69000 /* LaunchScreen.storyboard */; };
		12CB1A6F1D95184300E69000 /* SaladBarTests.swift in Sources */ = {isa = PBXBuildFile; fileRef = 12CB1A6E1D95184300E69000 /* SaladBarTests.swift */; };
		12CB1A7A1D95184300E69000 /* SaladBarUITests.swift in Sources */ = {isa = PBXBuildFile; fileRef = 12CB1A791D95184300E69000 /* SaladBarUITests.swift */; };
		12CB1A851D95187A00E69000 /* User.swift in Sources */ = {isa = PBXBuildFile; fileRef = 122315831D645E22003864BD /* User.swift */; };
		12CB1A861D95187E00E69000 /* Group.swift in Sources */ = {isa = PBXBuildFile; fileRef = 122315821D645E22003864BD /* Group.swift */; };
		12CB1A871D95189400E69000 /* GoogleService-Info.plist in Resources */ = {isa = PBXBuildFile; fileRef = 122315861D645E2F003864BD /* GoogleService-Info.plist */; };
		12CB1A881D95193900E69000 /* Salada.swift in Sources */ = {isa = PBXBuildFile; fileRef = 128C829A1D855B4E001321B9 /* Salada.swift */; };
		3A727F340C83AD670D531A0A /* Pods_Salada.framework in Frameworks */ = {isa = PBXBuildFile; fileRef = D56A6B69413A3755C5CDB62E /* Pods_Salada.framework */; };
		C35C4D47E9AF5DFEAD3BE386 /* Pods_SaladBar.framework in Frameworks */ = {isa = PBXBuildFile; fileRef = 265B3FF55EA9541C849D9365 /* Pods_SaladBar.framework */; };
/* End PBXBuildFile section */

/* Begin PBXContainerItemProxy section */
		129DF27A1D654A1F00AD8148 /* PBXContainerItemProxy */ = {
			isa = PBXContainerItemProxy;
			containerPortal = 122314E61D618B22003864BD /* Project object */;
			proxyType = 1;
			remoteGlobalIDString = 122315371D645A7A003864BD;
			remoteInfo = Salada;
		};
		12CB1A6B1D95184300E69000 /* PBXContainerItemProxy */ = {
			isa = PBXContainerItemProxy;
			containerPortal = 122314E61D618B22003864BD /* Project object */;
			proxyType = 1;
			remoteGlobalIDString = 12CB1A561D95184300E69000;
			remoteInfo = SaladBar;
		};
		12CB1A761D95184300E69000 /* PBXContainerItemProxy */ = {
			isa = PBXContainerItemProxy;
			containerPortal = 122314E61D618B22003864BD /* Project object */;
			proxyType = 1;
			remoteGlobalIDString = 12CB1A561D95184300E69000;
			remoteInfo = SaladBar;
		};
/* End PBXContainerItemProxy section */

/* Begin PBXFileReference section */
		122315381D645A7A003864BD /* Salada.framework */ = {isa = PBXFileReference; explicitFileType = wrapper.framework; includeInIndex = 0; path = Salada.framework; sourceTree = BUILT_PRODUCTS_DIR; };
		122315821D645E22003864BD /* Group.swift */ = {isa = PBXFileReference; fileEncoding = 4; lastKnownFileType = sourcecode.swift; name = Group.swift; path = ../Sample/Group.swift; sourceTree = "<group>"; };
		122315831D645E22003864BD /* User.swift */ = {isa = PBXFileReference; fileEncoding = 4; lastKnownFileType = sourcecode.swift; name = User.swift; path = ../Sample/User.swift; sourceTree = "<group>"; };
		122315861D645E2F003864BD /* GoogleService-Info.plist */ = {isa = PBXFileReference; fileEncoding = 4; lastKnownFileType = text.plist.xml; name = "GoogleService-Info.plist"; path = "../Sample/GoogleService-Info.plist"; sourceTree = "<group>"; };
		128C829A1D855B4E001321B9 /* Salada.swift */ = {isa = PBXFileReference; fileEncoding = 4; lastKnownFileType = sourcecode.swift; path = Salada.swift; sourceTree = "<group>"; };
		129DF2741D654A1F00AD8148 /* SaladaTests.xctest */ = {isa = PBXFileReference; explicitFileType = wrapper.cfbundle; includeInIndex = 0; path = SaladaTests.xctest; sourceTree = BUILT_PRODUCTS_DIR; };
		129DF2761D654A1F00AD8148 /* SaladaTests.swift */ = {isa = PBXFileReference; lastKnownFileType = sourcecode.swift; path = SaladaTests.swift; sourceTree = "<group>"; };
		129DF2781D654A1F00AD8148 /* Info.plist */ = {isa = PBXFileReference; lastKnownFileType = text.plist.xml; path = Info.plist; sourceTree = "<group>"; };
		129DF2821D65511900AD8148 /* TestModel.swift */ = {isa = PBXFileReference; fileEncoding = 4; lastKnownFileType = sourcecode.swift; path = TestModel.swift; sourceTree = "<group>"; };
		12CB1A571D95184300E69000 /* SaladBar.app */ = {isa = PBXFileReference; explicitFileType = wrapper.application; includeInIndex = 0; path = SaladBar.app; sourceTree = BUILT_PRODUCTS_DIR; };
		12CB1A591D95184300E69000 /* AppDelegate.swift */ = {isa = PBXFileReference; lastKnownFileType = sourcecode.swift; path = AppDelegate.swift; sourceTree = "<group>"; };
		12CB1A5B1D95184300E69000 /* ViewController.swift */ = {isa = PBXFileReference; lastKnownFileType = sourcecode.swift; path = ViewController.swift; sourceTree = "<group>"; };
		12CB1A5E1D95184300E69000 /* Base */ = {isa = PBXFileReference; lastKnownFileType = file.storyboard; name = Base; path = Base.lproj/Main.storyboard; sourceTree = "<group>"; };
		12CB1A601D95184300E69000 /* Assets.xcassets */ = {isa = PBXFileReference; lastKnownFileType = folder.assetcatalog; path = Assets.xcassets; sourceTree = "<group>"; };
		12CB1A631D95184300E69000 /* Base */ = {isa = PBXFileReference; lastKnownFileType = file.storyboard; name = Base; path = Base.lproj/LaunchScreen.storyboard; sourceTree = "<group>"; };
		12CB1A651D95184300E69000 /* Info.plist */ = {isa = PBXFileReference; lastKnownFileType = text.plist.xml; path = Info.plist; sourceTree = "<group>"; };
		12CB1A6A1D95184300E69000 /* SaladBarTests.xctest */ = {isa = PBXFileReference; explicitFileType = wrapper.cfbundle; includeInIndex = 0; path = SaladBarTests.xctest; sourceTree = BUILT_PRODUCTS_DIR; };
		12CB1A6E1D95184300E69000 /* SaladBarTests.swift */ = {isa = PBXFileReference; lastKnownFileType = sourcecode.swift; path = SaladBarTests.swift; sourceTree = "<group>"; };
		12CB1A701D95184300E69000 /* Info.plist */ = {isa = PBXFileReference; lastKnownFileType = text.plist.xml; path = Info.plist; sourceTree = "<group>"; };
		12CB1A751D95184300E69000 /* SaladBarUITests.xctest */ = {isa = PBXFileReference; explicitFileType = wrapper.cfbundle; includeInIndex = 0; path = SaladBarUITests.xctest; sourceTree = BUILT_PRODUCTS_DIR; };
		12CB1A791D95184300E69000 /* SaladBarUITests.swift */ = {isa = PBXFileReference; lastKnownFileType = sourcecode.swift; path = SaladBarUITests.swift; sourceTree = "<group>"; };
		12CB1A7B1D95184300E69000 /* Info.plist */ = {isa = PBXFileReference; lastKnownFileType = text.plist.xml; path = Info.plist; sourceTree = "<group>"; };
		12DBD946A29B49B6DDF44E35 /* Pods_SaladaTests.framework */ = {isa = PBXFileReference; explicitFileType = wrapper.framework; includeInIndex = 0; path = Pods_SaladaTests.framework; sourceTree = BUILT_PRODUCTS_DIR; };
		1D5576D8CC9B13C671F0A5B3 /* Pods_Sample.framework */ = {isa = PBXFileReference; explicitFileType = wrapper.framework; includeInIndex = 0; path = Pods_Sample.framework; sourceTree = BUILT_PRODUCTS_DIR; };
		265B3FF55EA9541C849D9365 /* Pods_SaladBar.framework */ = {isa = PBXFileReference; explicitFileType = wrapper.framework; includeInIndex = 0; path = Pods_SaladBar.framework; sourceTree = BUILT_PRODUCTS_DIR; };
		5C21CD4DC65FAE7AFB891C9A /* Pods-SaladaTests.debug.xcconfig */ = {isa = PBXFileReference; includeInIndex = 1; lastKnownFileType = text.xcconfig; name = "Pods-SaladaTests.debug.xcconfig"; path = "Pods/Target Support Files/Pods-SaladaTests/Pods-SaladaTests.debug.xcconfig"; sourceTree = "<group>"; };
		68D5A20E5FF54F3B19279B7E /* Pods-SaladBar.release.xcconfig */ = {isa = PBXFileReference; includeInIndex = 1; lastKnownFileType = text.xcconfig; name = "Pods-SaladBar.release.xcconfig"; path = "Pods/Target Support Files/Pods-SaladBar/Pods-SaladBar.release.xcconfig"; sourceTree = "<group>"; };
		75D049275275D7639E7CADB5 /* Pods-SaladaTests.release.xcconfig */ = {isa = PBXFileReference; includeInIndex = 1; lastKnownFileType = text.xcconfig; name = "Pods-SaladaTests.release.xcconfig"; path = "Pods/Target Support Files/Pods-SaladaTests/Pods-SaladaTests.release.xcconfig"; sourceTree = "<group>"; };
		AD3F1F2600AA1891F8D243D4 /* Pods-SaladBar.debug.xcconfig */ = {isa = PBXFileReference; includeInIndex = 1; lastKnownFileType = text.xcconfig; name = "Pods-SaladBar.debug.xcconfig"; path = "Pods/Target Support Files/Pods-SaladBar/Pods-SaladBar.debug.xcconfig"; sourceTree = "<group>"; };
		B527BBE07E11D96C847178F4 /* Pods-Salada.release.xcconfig */ = {isa = PBXFileReference; includeInIndex = 1; lastKnownFileType = text.xcconfig; name = "Pods-Salada.release.xcconfig"; path = "Pods/Target Support Files/Pods-Salada/Pods-Salada.release.xcconfig"; sourceTree = "<group>"; };
		CACFF8A827AF5750D7560F54 /* Pods-Salada.debug.xcconfig */ = {isa = PBXFileReference; includeInIndex = 1; lastKnownFileType = text.xcconfig; name = "Pods-Salada.debug.xcconfig"; path = "Pods/Target Support Files/Pods-Salada/Pods-Salada.debug.xcconfig"; sourceTree = "<group>"; };
		D56A6B69413A3755C5CDB62E /* Pods_Salada.framework */ = {isa = PBXFileReference; explicitFileType = wrapper.framework; includeInIndex = 0; path = Pods_Salada.framework; sourceTree = BUILT_PRODUCTS_DIR; };
/* End PBXFileReference section */

/* Begin PBXFrameworksBuildPhase section */
		122315341D645A7A003864BD /* Frameworks */ = {
			isa = PBXFrameworksBuildPhase;
			buildActionMask = 2147483647;
			files = (
				3A727F340C83AD670D531A0A /* Pods_Salada.framework in Frameworks */,
			);
			runOnlyForDeploymentPostprocessing = 0;
		};
		129DF2711D654A1F00AD8148 /* Frameworks */ = {
			isa = PBXFrameworksBuildPhase;
			buildActionMask = 2147483647;
			files = (
				0D7EE46696AB12D55577F63B /* Pods_SaladaTests.framework in Frameworks */,
			);
			runOnlyForDeploymentPostprocessing = 0;
		};
		12CB1A541D95184300E69000 /* Frameworks */ = {
			isa = PBXFrameworksBuildPhase;
			buildActionMask = 2147483647;
			files = (
				C35C4D47E9AF5DFEAD3BE386 /* Pods_SaladBar.framework in Frameworks */,
			);
			runOnlyForDeploymentPostprocessing = 0;
		};
		12CB1A671D95184300E69000 /* Frameworks */ = {
			isa = PBXFrameworksBuildPhase;
			buildActionMask = 2147483647;
			files = (
			);
			runOnlyForDeploymentPostprocessing = 0;
		};
		12CB1A721D95184300E69000 /* Frameworks */ = {
			isa = PBXFrameworksBuildPhase;
			buildActionMask = 2147483647;
			files = (
			);
			runOnlyForDeploymentPostprocessing = 0;
		};
/* End PBXFrameworksBuildPhase section */

/* Begin PBXGroup section */
		122314E51D618B22003864BD = {
			isa = PBXGroup;
			children = (
				122315391D645A7A003864BD /* Salada */,
				12CB1A581D95184300E69000 /* SaladBar */,
				12CB1A6D1D95184300E69000 /* SaladBarTests */,
				12CB1A781D95184300E69000 /* SaladBarUITests */,
				122314EF1D618B22003864BD /* Products */,
				129DF2751D654A1F00AD8148 /* SaladaTests */,
				F3116AD0B5DBD472DD5E7AA8 /* Pods */,
				8110B8D679C43AD435231EAB /* Frameworks */,
			);
			sourceTree = "<group>";
		};
		122314EF1D618B22003864BD /* Products */ = {
			isa = PBXGroup;
			children = (
				122315381D645A7A003864BD /* Salada.framework */,
				129DF2741D654A1F00AD8148 /* SaladaTests.xctest */,
				12CB1A571D95184300E69000 /* SaladBar.app */,
				12CB1A6A1D95184300E69000 /* SaladBarTests.xctest */,
				12CB1A751D95184300E69000 /* SaladBarUITests.xctest */,
			);
			name = Products;
			sourceTree = "<group>";
		};
		122315391D645A7A003864BD /* Salada */ = {
			isa = PBXGroup;
			children = (
				128C829A1D855B4E001321B9 /* Salada.swift */,
			);
			path = Salada;
			sourceTree = "<group>";
		};
		129DF2751D654A1F00AD8148 /* SaladaTests */ = {
			isa = PBXGroup;
			children = (
				129DF2761D654A1F00AD8148 /* SaladaTests.swift */,
				129DF2821D65511900AD8148 /* TestModel.swift */,
				129DF2781D654A1F00AD8148 /* Info.plist */,
			);
			path = SaladaTests;
			sourceTree = "<group>";
		};
		12CB1A581D95184300E69000 /* SaladBar */ = {
			isa = PBXGroup;
			children = (
				12CB1A591D95184300E69000 /* AppDelegate.swift */,
				12CB1A5B1D95184300E69000 /* ViewController.swift */,
				122315821D645E22003864BD /* Group.swift */,
				122315831D645E22003864BD /* User.swift */,
				12CB1A5D1D95184300E69000 /* Main.storyboard */,
				12CB1A601D95184300E69000 /* Assets.xcassets */,
				122315861D645E2F003864BD /* GoogleService-Info.plist */,
				12CB1A621D95184300E69000 /* LaunchScreen.storyboard */,
				12CB1A651D95184300E69000 /* Info.plist */,
			);
			path = SaladBar;
			sourceTree = "<group>";
		};
		12CB1A6D1D95184300E69000 /* SaladBarTests */ = {
			isa = PBXGroup;
			children = (
				12CB1A6E1D95184300E69000 /* SaladBarTests.swift */,
				12CB1A701D95184300E69000 /* Info.plist */,
			);
			path = SaladBarTests;
			sourceTree = "<group>";
		};
		12CB1A781D95184300E69000 /* SaladBarUITests */ = {
			isa = PBXGroup;
			children = (
				12CB1A791D95184300E69000 /* SaladBarUITests.swift */,
				12CB1A7B1D95184300E69000 /* Info.plist */,
			);
			path = SaladBarUITests;
			sourceTree = "<group>";
		};
		8110B8D679C43AD435231EAB /* Frameworks */ = {
			isa = PBXGroup;
			children = (
				D56A6B69413A3755C5CDB62E /* Pods_Salada.framework */,
				1D5576D8CC9B13C671F0A5B3 /* Pods_Sample.framework */,
				12DBD946A29B49B6DDF44E35 /* Pods_SaladaTests.framework */,
				265B3FF55EA9541C849D9365 /* Pods_SaladBar.framework */,
			);
			name = Frameworks;
			sourceTree = "<group>";
		};
		F3116AD0B5DBD472DD5E7AA8 /* Pods */ = {
			isa = PBXGroup;
			children = (
				CACFF8A827AF5750D7560F54 /* Pods-Salada.debug.xcconfig */,
				B527BBE07E11D96C847178F4 /* Pods-Salada.release.xcconfig */,
				5C21CD4DC65FAE7AFB891C9A /* Pods-SaladaTests.debug.xcconfig */,
				75D049275275D7639E7CADB5 /* Pods-SaladaTests.release.xcconfig */,
				AD3F1F2600AA1891F8D243D4 /* Pods-SaladBar.debug.xcconfig */,
				68D5A20E5FF54F3B19279B7E /* Pods-SaladBar.release.xcconfig */,
			);
			name = Pods;
			sourceTree = "<group>";
		};
/* End PBXGroup section */

/* Begin PBXHeadersBuildPhase section */
		122315351D645A7A003864BD /* Headers */ = {
			isa = PBXHeadersBuildPhase;
			buildActionMask = 2147483647;
			files = (
			);
			runOnlyForDeploymentPostprocessing = 0;
		};
/* End PBXHeadersBuildPhase section */

/* Begin PBXNativeTarget section */
		122315371D645A7A003864BD /* Salada */ = {
			isa = PBXNativeTarget;
			buildConfigurationList = 122315411D645A7A003864BD /* Build configuration list for PBXNativeTarget "Salada" */;
			buildPhases = (
				71A2FB42C9CCDAE2FF1BA326 /* [CP] Check Pods Manifest.lock */,
				122315331D645A7A003864BD /* Sources */,
				122315341D645A7A003864BD /* Frameworks */,
				122315351D645A7A003864BD /* Headers */,
				122315361D645A7A003864BD /* Resources */,
				00503EB11D3BA0C0711535C4 /* [CP] Copy Pods Resources */,
			);
			buildRules = (
			);
			dependencies = (
			);
			name = Salada;
			productName = Salada;
			productReference = 122315381D645A7A003864BD /* Salada.framework */;
			productType = "com.apple.product-type.framework";
		};
		129DF2731D654A1F00AD8148 /* SaladaTests */ = {
			isa = PBXNativeTarget;
			buildConfigurationList = 129DF27E1D654A1F00AD8148 /* Build configuration list for PBXNativeTarget "SaladaTests" */;
			buildPhases = (
				76CD76AC948FEF8D60F17593 /* [CP] Check Pods Manifest.lock */,
				129DF2701D654A1F00AD8148 /* Sources */,
				129DF2711D654A1F00AD8148 /* Frameworks */,
				129DF2721D654A1F00AD8148 /* Resources */,
				A64EDCDEDA3C99BC2E5FC9ED /* [CP] Embed Pods Frameworks */,
				4B119EF35657924B2976E1CA /* [CP] Copy Pods Resources */,
			);
			buildRules = (
			);
			dependencies = (
				129DF27B1D654A1F00AD8148 /* PBXTargetDependency */,
			);
			name = SaladaTests;
			productName = SaladaTests;
			productReference = 129DF2741D654A1F00AD8148 /* SaladaTests.xctest */;
			productType = "com.apple.product-type.bundle.unit-test";
		};
		12CB1A561D95184300E69000 /* SaladBar */ = {
			isa = PBXNativeTarget;
			buildConfigurationList = 12CB1A821D95184300E69000 /* Build configuration list for PBXNativeTarget "SaladBar" */;
			buildPhases = (
				083226683D030A4897F5DF66 /* [CP] Check Pods Manifest.lock */,
				12CB1A531D95184300E69000 /* Sources */,
				12CB1A541D95184300E69000 /* Frameworks */,
				12CB1A551D95184300E69000 /* Resources */,
				75820A7BB1ECCD41DFA14D78 /* [CP] Embed Pods Frameworks */,
				0E813B8885CA5123AB9EAF62 /* [CP] Copy Pods Resources */,
			);
			buildRules = (
			);
			dependencies = (
			);
			name = SaladBar;
			productName = SaladBar;
			productReference = 12CB1A571D95184300E69000 /* SaladBar.app */;
			productType = "com.apple.product-type.application";
		};
		12CB1A691D95184300E69000 /* SaladBarTests */ = {
			isa = PBXNativeTarget;
			buildConfigurationList = 12CB1A831D95184300E69000 /* Build configuration list for PBXNativeTarget "SaladBarTests" */;
			buildPhases = (
				12CB1A661D95184300E69000 /* Sources */,
				12CB1A671D95184300E69000 /* Frameworks */,
				12CB1A681D95184300E69000 /* Resources */,
			);
			buildRules = (
			);
			dependencies = (
				12CB1A6C1D95184300E69000 /* PBXTargetDependency */,
			);
			name = SaladBarTests;
			productName = SaladBarTests;
			productReference = 12CB1A6A1D95184300E69000 /* SaladBarTests.xctest */;
			productType = "com.apple.product-type.bundle.unit-test";
		};
		12CB1A741D95184300E69000 /* SaladBarUITests */ = {
			isa = PBXNativeTarget;
			buildConfigurationList = 12CB1A841D95184300E69000 /* Build configuration list for PBXNativeTarget "SaladBarUITests" */;
			buildPhases = (
				12CB1A711D95184300E69000 /* Sources */,
				12CB1A721D95184300E69000 /* Frameworks */,
				12CB1A731D95184300E69000 /* Resources */,
			);
			buildRules = (
			);
			dependencies = (
				12CB1A771D95184300E69000 /* PBXTargetDependency */,
			);
			name = SaladBarUITests;
			productName = SaladBarUITests;
			productReference = 12CB1A751D95184300E69000 /* SaladBarUITests.xctest */;
			productType = "com.apple.product-type.bundle.ui-testing";
		};
/* End PBXNativeTarget section */

/* Begin PBXProject section */
		122314E61D618B22003864BD /* Project object */ = {
			isa = PBXProject;
			attributes = {
				LastSwiftUpdateCheck = 0800;
				LastUpgradeCheck = 0730;
				ORGANIZATIONNAME = Stamp;
				TargetAttributes = {
					122315371D645A7A003864BD = {
						CreatedOnToolsVersion = 7.3.1;
						LastSwiftMigration = 0800;
					};
					129DF2731D654A1F00AD8148 = {
						CreatedOnToolsVersion = 7.3.1;
					};
					12CB1A561D95184300E69000 = {
						CreatedOnToolsVersion = 8.0;
						ProvisioningStyle = Automatic;
					};
					12CB1A691D95184300E69000 = {
						CreatedOnToolsVersion = 8.0;
						ProvisioningStyle = Automatic;
						TestTargetID = 12CB1A561D95184300E69000;
					};
					12CB1A741D95184300E69000 = {
						CreatedOnToolsVersion = 8.0;
						ProvisioningStyle = Automatic;
						TestTargetID = 12CB1A561D95184300E69000;
					};
				};
			};
			buildConfigurationList = 122314E91D618B22003864BD /* Build configuration list for PBXProject "Salada" */;
			compatibilityVersion = "Xcode 8.0";
			developmentRegion = English;
			hasScannedForEncodings = 0;
			knownRegions = (
				en,
				Base,
			);
			mainGroup = 122314E51D618B22003864BD;
			productRefGroup = 122314EF1D618B22003864BD /* Products */;
			projectDirPath = "";
			projectRoot = "";
			targets = (
				122315371D645A7A003864BD /* Salada */,
				129DF2731D654A1F00AD8148 /* SaladaTests */,
				12CB1A561D95184300E69000 /* SaladBar */,
				12CB1A691D95184300E69000 /* SaladBarTests */,
				12CB1A741D95184300E69000 /* SaladBarUITests */,
			);
		};
/* End PBXProject section */

/* Begin PBXResourcesBuildPhase section */
		122315361D645A7A003864BD /* Resources */ = {
			isa = PBXResourcesBuildPhase;
			buildActionMask = 2147483647;
			files = (
			);
			runOnlyForDeploymentPostprocessing = 0;
		};
		129DF2721D654A1F00AD8148 /* Resources */ = {
			isa = PBXResourcesBuildPhase;
			buildActionMask = 2147483647;
			files = (
				1242009F1D658ECB004B87B1 /* Info.plist in Resources */,
			);
			runOnlyForDeploymentPostprocessing = 0;
		};
		12CB1A551D95184300E69000 /* Resources */ = {
			isa = PBXResourcesBuildPhase;
			buildActionMask = 2147483647;
			files = (
				12CB1A641D95184300E69000 /* LaunchScreen.storyboard in Resources */,
				12CB1A871D95189400E69000 /* GoogleService-Info.plist in Resources */,
				12CB1A611D95184300E69000 /* Assets.xcassets in Resources */,
				12CB1A5F1D95184300E69000 /* Main.storyboard in Resources */,
			);
			runOnlyForDeploymentPostprocessing = 0;
		};
		12CB1A681D95184300E69000 /* Resources */ = {
			isa = PBXResourcesBuildPhase;
			buildActionMask = 2147483647;
			files = (
			);
			runOnlyForDeploymentPostprocessing = 0;
		};
		12CB1A731D95184300E69000 /* Resources */ = {
			isa = PBXResourcesBuildPhase;
			buildActionMask = 2147483647;
			files = (
			);
			runOnlyForDeploymentPostprocessing = 0;
		};
/* End PBXResourcesBuildPhase section */

/* Begin PBXShellScriptBuildPhase section */
		00503EB11D3BA0C0711535C4 /* [CP] Copy Pods Resources */ = {
			isa = PBXShellScriptBuildPhase;
			buildActionMask = 2147483647;
			files = (
			);
			inputPaths = (
			);
			name = "[CP] Copy Pods Resources";
			outputPaths = (
			);
			runOnlyForDeploymentPostprocessing = 0;
			shellPath = /bin/sh;
			shellScript = "\"${SRCROOT}/Pods/Target Support Files/Pods-Salada/Pods-Salada-resources.sh\"\n";
			showEnvVarsInLog = 0;
		};
		083226683D030A4897F5DF66 /* [CP] Check Pods Manifest.lock */ = {
			isa = PBXShellScriptBuildPhase;
			buildActionMask = 2147483647;
			files = (
			);
			inputPaths = (
			);
			name = "[CP] Check Pods Manifest.lock";
			outputPaths = (
			);
			runOnlyForDeploymentPostprocessing = 0;
			shellPath = /bin/sh;
			shellScript = "diff \"${PODS_ROOT}/../Podfile.lock\" \"${PODS_ROOT}/Manifest.lock\" > /dev/null\nif [[ $? != 0 ]] ; then\n    cat << EOM\nerror: The sandbox is not in sync with the Podfile.lock. Run 'pod install' or update your CocoaPods installation.\nEOM\n    exit 1\nfi\n";
			showEnvVarsInLog = 0;
		};
		0E813B8885CA5123AB9EAF62 /* [CP] Copy Pods Resources */ = {
			isa = PBXShellScriptBuildPhase;
			buildActionMask = 2147483647;
			files = (
			);
			inputPaths = (
			);
			name = "[CP] Copy Pods Resources";
			outputPaths = (
			);
			runOnlyForDeploymentPostprocessing = 0;
			shellPath = /bin/sh;
			shellScript = "\"${SRCROOT}/Pods/Target Support Files/Pods-SaladBar/Pods-SaladBar-resources.sh\"\n";
			showEnvVarsInLog = 0;
		};
		4B119EF35657924B2976E1CA /* [CP] Copy Pods Resources */ = {
			isa = PBXShellScriptBuildPhase;
			buildActionMask = 2147483647;
			files = (
			);
			inputPaths = (
			);
			name = "[CP] Copy Pods Resources";
			outputPaths = (
			);
			runOnlyForDeploymentPostprocessing = 0;
			shellPath = /bin/sh;
			shellScript = "\"${SRCROOT}/Pods/Target Support Files/Pods-SaladaTests/Pods-SaladaTests-resources.sh\"\n";
			showEnvVarsInLog = 0;
		};
		71A2FB42C9CCDAE2FF1BA326 /* [CP] Check Pods Manifest.lock */ = {
			isa = PBXShellScriptBuildPhase;
			buildActionMask = 2147483647;
			files = (
			);
			inputPaths = (
			);
			name = "[CP] Check Pods Manifest.lock";
			outputPaths = (
			);
			runOnlyForDeploymentPostprocessing = 0;
			shellPath = /bin/sh;
			shellScript = "diff \"${PODS_ROOT}/../Podfile.lock\" \"${PODS_ROOT}/Manifest.lock\" > /dev/null\nif [[ $? != 0 ]] ; then\n    cat << EOM\nerror: The sandbox is not in sync with the Podfile.lock. Run 'pod install' or update your CocoaPods installation.\nEOM\n    exit 1\nfi\n";
			showEnvVarsInLog = 0;
		};
		75820A7BB1ECCD41DFA14D78 /* [CP] Embed Pods Frameworks */ = {
			isa = PBXShellScriptBuildPhase;
			buildActionMask = 2147483647;
			files = (
			);
			inputPaths = (
			);
			name = "[CP] Embed Pods Frameworks";
			outputPaths = (
			);
			runOnlyForDeploymentPostprocessing = 0;
			shellPath = /bin/sh;
			shellScript = "\"${SRCROOT}/Pods/Target Support Files/Pods-SaladBar/Pods-SaladBar-frameworks.sh\"\n";
			showEnvVarsInLog = 0;
		};
		76CD76AC948FEF8D60F17593 /* [CP] Check Pods Manifest.lock */ = {
			isa = PBXShellScriptBuildPhase;
			buildActionMask = 2147483647;
			files = (
			);
			inputPaths = (
			);
			name = "[CP] Check Pods Manifest.lock";
			outputPaths = (
			);
			runOnlyForDeploymentPostprocessing = 0;
			shellPath = /bin/sh;
			shellScript = "diff \"${PODS_ROOT}/../Podfile.lock\" \"${PODS_ROOT}/Manifest.lock\" > /dev/null\nif [[ $? != 0 ]] ; then\n    cat << EOM\nerror: The sandbox is not in sync with the Podfile.lock. Run 'pod install' or update your CocoaPods installation.\nEOM\n    exit 1\nfi\n";
			showEnvVarsInLog = 0;
		};
		A64EDCDEDA3C99BC2E5FC9ED /* [CP] Embed Pods Frameworks */ = {
			isa = PBXShellScriptBuildPhase;
			buildActionMask = 2147483647;
			files = (
			);
			inputPaths = (
			);
			name = "[CP] Embed Pods Frameworks";
			outputPaths = (
			);
			runOnlyForDeploymentPostprocessing = 0;
			shellPath = /bin/sh;
			shellScript = "\"${SRCROOT}/Pods/Target Support Files/Pods-SaladaTests/Pods-SaladaTests-frameworks.sh\"\n";
			showEnvVarsInLog = 0;
		};
/* End PBXShellScriptBuildPhase section */

/* Begin PBXSourcesBuildPhase section */
		122315331D645A7A003864BD /* Sources */ = {
			isa = PBXSourcesBuildPhase;
			buildActionMask = 2147483647;
			files = (
			);
			runOnlyForDeploymentPostprocessing = 0;
		};
		129DF2701D654A1F00AD8148 /* Sources */ = {
			isa = PBXSourcesBuildPhase;
			buildActionMask = 2147483647;
			files = (
				129DF2771D654A1F00AD8148 /* SaladaTests.swift in Sources */,
				129DF2831D65511900AD8148 /* TestModel.swift in Sources */,
			);
			runOnlyForDeploymentPostprocessing = 0;
		};
		12CB1A531D95184300E69000 /* Sources */ = {
			isa = PBXSourcesBuildPhase;
			buildActionMask = 2147483647;
			files = (
				12CB1A5C1D95184300E69000 /* ViewController.swift in Sources */,
				12CB1A5A1D95184300E69000 /* AppDelegate.swift in Sources */,
				12CB1A881D95193900E69000 /* Salada.swift in Sources */,
				12CB1A851D95187A00E69000 /* User.swift in Sources */,
				12CB1A861D95187E00E69000 /* Group.swift in Sources */,
			);
			runOnlyForDeploymentPostprocessing = 0;
		};
		12CB1A661D95184300E69000 /* Sources */ = {
			isa = PBXSourcesBuildPhase;
			buildActionMask = 2147483647;
			files = (
				12CB1A6F1D95184300E69000 /* SaladBarTests.swift in Sources */,
			);
			runOnlyForDeploymentPostprocessing = 0;
		};
		12CB1A711D95184300E69000 /* Sources */ = {
			isa = PBXSourcesBuildPhase;
			buildActionMask = 2147483647;
			files = (
				12CB1A7A1D95184300E69000 /* SaladBarUITests.swift in Sources */,
			);
			runOnlyForDeploymentPostprocessing = 0;
		};
/* End PBXSourcesBuildPhase section */

/* Begin PBXTargetDependency section */
		129DF27B1D654A1F00AD8148 /* PBXTargetDependency */ = {
			isa = PBXTargetDependency;
			target = 122315371D645A7A003864BD /* Salada */;
			targetProxy = 129DF27A1D654A1F00AD8148 /* PBXContainerItemProxy */;
		};
		12CB1A6C1D95184300E69000 /* PBXTargetDependency */ = {
			isa = PBXTargetDependency;
			target = 12CB1A561D95184300E69000 /* SaladBar */;
			targetProxy = 12CB1A6B1D95184300E69000 /* PBXContainerItemProxy */;
		};
		12CB1A771D95184300E69000 /* PBXTargetDependency */ = {
			isa = PBXTargetDependency;
			target = 12CB1A561D95184300E69000 /* SaladBar */;
			targetProxy = 12CB1A761D95184300E69000 /* PBXContainerItemProxy */;
		};
/* End PBXTargetDependency section */

/* Begin PBXVariantGroup section */
		12CB1A5D1D95184300E69000 /* Main.storyboard */ = {
			isa = PBXVariantGroup;
			children = (
				12CB1A5E1D95184300E69000 /* Base */,
			);
			name = Main.storyboard;
			sourceTree = "<group>";
		};
		12CB1A621D95184300E69000 /* LaunchScreen.storyboard */ = {
			isa = PBXVariantGroup;
			children = (
				12CB1A631D95184300E69000 /* Base */,
			);
			name = LaunchScreen.storyboard;
			sourceTree = "<group>";
		};
/* End PBXVariantGroup section */

/* Begin XCBuildConfiguration section */
		122314FE1D618B22003864BD /* Debug */ = {
			isa = XCBuildConfiguration;
			buildSettings = {
				ALWAYS_SEARCH_USER_PATHS = NO;
				CLANG_ANALYZER_NONNULL = YES;
				CLANG_CXX_LANGUAGE_STANDARD = "gnu++0x";
				CLANG_CXX_LIBRARY = "libc++";
				CLANG_ENABLE_MODULES = YES;
				CLANG_ENABLE_OBJC_ARC = YES;
				CLANG_WARN_BOOL_CONVERSION = YES;
				CLANG_WARN_CONSTANT_CONVERSION = YES;
				CLANG_WARN_DIRECT_OBJC_ISA_USAGE = YES_ERROR;
				CLANG_WARN_EMPTY_BODY = YES;
				CLANG_WARN_ENUM_CONVERSION = YES;
				CLANG_WARN_INT_CONVERSION = YES;
				CLANG_WARN_OBJC_ROOT_CLASS = YES_ERROR;
				CLANG_WARN_UNREACHABLE_CODE = YES;
				CLANG_WARN__DUPLICATE_METHOD_MATCH = YES;
				"CODE_SIGN_IDENTITY[sdk=iphoneos*]" = "iPhone Developer";
				COPY_PHASE_STRIP = NO;
				DEBUG_INFORMATION_FORMAT = dwarf;
				ENABLE_STRICT_OBJC_MSGSEND = YES;
				ENABLE_TESTABILITY = YES;
				GCC_C_LANGUAGE_STANDARD = gnu99;
				GCC_DYNAMIC_NO_PIC = NO;
				GCC_NO_COMMON_BLOCKS = YES;
				GCC_OPTIMIZATION_LEVEL = 0;
				GCC_PREPROCESSOR_DEFINITIONS = (
					"DEBUG=1",
					"$(inherited)",
				);
				GCC_WARN_64_TO_32_BIT_CONVERSION = YES;
				GCC_WARN_ABOUT_RETURN_TYPE = YES_ERROR;
				GCC_WARN_UNDECLARED_SELECTOR = YES;
				GCC_WARN_UNINITIALIZED_AUTOS = YES_AGGRESSIVE;
				GCC_WARN_UNUSED_FUNCTION = YES;
				GCC_WARN_UNUSED_VARIABLE = YES;
				IPHONEOS_DEPLOYMENT_TARGET = 9.3;
				MTL_ENABLE_DEBUG_INFO = YES;
				ONLY_ACTIVE_ARCH = YES;
				SDKROOT = iphoneos;
				SWIFT_OPTIMIZATION_LEVEL = "-Onone";
			};
			name = Debug;
		};
		122314FF1D618B22003864BD /* Release */ = {
			isa = XCBuildConfiguration;
			buildSettings = {
				ALWAYS_SEARCH_USER_PATHS = NO;
				CLANG_ANALYZER_NONNULL = YES;
				CLANG_CXX_LANGUAGE_STANDARD = "gnu++0x";
				CLANG_CXX_LIBRARY = "libc++";
				CLANG_ENABLE_MODULES = YES;
				CLANG_ENABLE_OBJC_ARC = YES;
				CLANG_WARN_BOOL_CONVERSION = YES;
				CLANG_WARN_CONSTANT_CONVERSION = YES;
				CLANG_WARN_DIRECT_OBJC_ISA_USAGE = YES_ERROR;
				CLANG_WARN_EMPTY_BODY = YES;
				CLANG_WARN_ENUM_CONVERSION = YES;
				CLANG_WARN_INT_CONVERSION = YES;
				CLANG_WARN_OBJC_ROOT_CLASS = YES_ERROR;
				CLANG_WARN_UNREACHABLE_CODE = YES;
				CLANG_WARN__DUPLICATE_METHOD_MATCH = YES;
				"CODE_SIGN_IDENTITY[sdk=iphoneos*]" = "iPhone Developer";
				COPY_PHASE_STRIP = NO;
				DEBUG_INFORMATION_FORMAT = "dwarf-with-dsym";
				ENABLE_NS_ASSERTIONS = NO;
				ENABLE_STRICT_OBJC_MSGSEND = YES;
				GCC_C_LANGUAGE_STANDARD = gnu99;
				GCC_NO_COMMON_BLOCKS = YES;
				GCC_WARN_64_TO_32_BIT_CONVERSION = YES;
				GCC_WARN_ABOUT_RETURN_TYPE = YES_ERROR;
				GCC_WARN_UNDECLARED_SELECTOR = YES;
				GCC_WARN_UNINITIALIZED_AUTOS = YES_AGGRESSIVE;
				GCC_WARN_UNUSED_FUNCTION = YES;
				GCC_WARN_UNUSED_VARIABLE = YES;
				IPHONEOS_DEPLOYMENT_TARGET = 9.3;
				MTL_ENABLE_DEBUG_INFO = NO;
				SDKROOT = iphoneos;
				VALIDATE_PRODUCT = YES;
			};
			name = Release;
		};
		122315421D645A7A003864BD /* Debug */ = {
			isa = XCBuildConfiguration;
			baseConfigurationReference = CACFF8A827AF5750D7560F54 /* Pods-Salada.debug.xcconfig */;
			buildSettings = {
				CLANG_ENABLE_MODULES = YES;
				CURRENT_PROJECT_VERSION = 1;
				DEFINES_MODULE = YES;
				DYLIB_COMPATIBILITY_VERSION = 1;
				DYLIB_CURRENT_VERSION = 1;
				DYLIB_INSTALL_NAME_BASE = "@rpath";
				INFOPLIST_FILE = Salada/Info.plist;
				INSTALL_PATH = "$(LOCAL_LIBRARY_DIR)/Frameworks";
				LD_RUNPATH_SEARCH_PATHS = "$(inherited) @executable_path/Frameworks @loader_path/Frameworks";
				PRODUCT_BUNDLE_IDENTIFIER = inc.stamp.Salada;
				PRODUCT_NAME = "$(TARGET_NAME)";
				SKIP_INSTALL = YES;
				SWIFT_OPTIMIZATION_LEVEL = "-Onone";
				SWIFT_VERSION = 3.0;
				TARGETED_DEVICE_FAMILY = "1,2";
				VERSIONING_SYSTEM = "apple-generic";
				VERSION_INFO_PREFIX = "";
			};
			name = Debug;
		};
		122315431D645A7A003864BD /* Release */ = {
			isa = XCBuildConfiguration;
			baseConfigurationReference = B527BBE07E11D96C847178F4 /* Pods-Salada.release.xcconfig */;
			buildSettings = {
				CLANG_ENABLE_MODULES = YES;
				CURRENT_PROJECT_VERSION = 1;
				DEFINES_MODULE = YES;
				DYLIB_COMPATIBILITY_VERSION = 1;
				DYLIB_CURRENT_VERSION = 1;
				DYLIB_INSTALL_NAME_BASE = "@rpath";
				INFOPLIST_FILE = Salada/Info.plist;
				INSTALL_PATH = "$(LOCAL_LIBRARY_DIR)/Frameworks";
				LD_RUNPATH_SEARCH_PATHS = "$(inherited) @executable_path/Frameworks @loader_path/Frameworks";
				PRODUCT_BUNDLE_IDENTIFIER = inc.stamp.Salada;
				PRODUCT_NAME = "$(TARGET_NAME)";
				SKIP_INSTALL = YES;
				SWIFT_VERSION = 3.0;
				TARGETED_DEVICE_FAMILY = "1,2";
				VERSIONING_SYSTEM = "apple-generic";
				VERSION_INFO_PREFIX = "";
			};
			name = Release;
		};
		129DF27C1D654A1F00AD8148 /* Debug */ = {
			isa = XCBuildConfiguration;
			baseConfigurationReference = 5C21CD4DC65FAE7AFB891C9A /* Pods-SaladaTests.debug.xcconfig */;
			buildSettings = {
				INFOPLIST_FILE = SaladaTests/Info.plist;
				LD_RUNPATH_SEARCH_PATHS = "$(inherited) @executable_path/Frameworks @loader_path/Frameworks";
				PRODUCT_BUNDLE_IDENTIFIER = inc.stamp.SaladaTests;
				PRODUCT_NAME = "$(TARGET_NAME)";
			};
			name = Debug;
		};
		129DF27D1D654A1F00AD8148 /* Release */ = {
			isa = XCBuildConfiguration;
			baseConfigurationReference = 75D049275275D7639E7CADB5 /* Pods-SaladaTests.release.xcconfig */;
			buildSettings = {
				INFOPLIST_FILE = SaladaTests/Info.plist;
				LD_RUNPATH_SEARCH_PATHS = "$(inherited) @executable_path/Frameworks @loader_path/Frameworks";
				PRODUCT_BUNDLE_IDENTIFIER = inc.stamp.SaladaTests;
				PRODUCT_NAME = "$(TARGET_NAME)";
			};
			name = Release;
		};
		12CB1A7C1D95184300E69000 /* Debug */ = {
			isa = XCBuildConfiguration;
			baseConfigurationReference = AD3F1F2600AA1891F8D243D4 /* Pods-SaladBar.debug.xcconfig */;
			buildSettings = {
				ASSETCATALOG_COMPILER_APPICON_NAME = AppIcon;
				CLANG_WARN_DOCUMENTATION_COMMENTS = YES;
				CLANG_WARN_INFINITE_RECURSION = YES;
				CLANG_WARN_SUSPICIOUS_MOVES = YES;
				DEVELOPMENT_TEAM = 88ACA86N96;
				INFOPLIST_FILE = SaladBar/Info.plist;
				IPHONEOS_DEPLOYMENT_TARGET = 10.0;
				LD_RUNPATH_SEARCH_PATHS = "$(inherited) @executable_path/Frameworks";
				PRODUCT_BUNDLE_IDENTIFIER = inc.stamp.SaladBar;
				PRODUCT_NAME = "$(TARGET_NAME)";
				SWIFT_ACTIVE_COMPILATION_CONDITIONS = DEBUG;
				SWIFT_VERSION = 3.0;
			};
			name = Debug;
		};
		12CB1A7D1D95184300E69000 /* Release */ = {
			isa = XCBuildConfiguration;
			baseConfigurationReference = 68D5A20E5FF54F3B19279B7E /* Pods-SaladBar.release.xcconfig */;
			buildSettings = {
				ASSETCATALOG_COMPILER_APPICON_NAME = AppIcon;
				CLANG_WARN_DOCUMENTATION_COMMENTS = YES;
				CLANG_WARN_INFINITE_RECURSION = YES;
				CLANG_WARN_SUSPICIOUS_MOVES = YES;
				DEVELOPMENT_TEAM = 88ACA86N96;
				INFOPLIST_FILE = SaladBar/Info.plist;
				IPHONEOS_DEPLOYMENT_TARGET = 10.0;
				LD_RUNPATH_SEARCH_PATHS = "$(inherited) @executable_path/Frameworks";
				PRODUCT_BUNDLE_IDENTIFIER = inc.stamp.SaladBar;
				PRODUCT_NAME = "$(TARGET_NAME)";
				SWIFT_OPTIMIZATION_LEVEL = "-Owholemodule";
				SWIFT_VERSION = 3.0;
			};
			name = Release;
		};
		12CB1A7E1D95184300E69000 /* Debug */ = {
			isa = XCBuildConfiguration;
			buildSettings = {
				ALWAYS_EMBED_SWIFT_STANDARD_LIBRARIES = YES;
				BUNDLE_LOADER = "$(TEST_HOST)";
				CLANG_WARN_DOCUMENTATION_COMMENTS = YES;
				CLANG_WARN_INFINITE_RECURSION = YES;
				CLANG_WARN_SUSPICIOUS_MOVES = YES;
				DEVELOPMENT_TEAM = 88ACA86N96;
				INFOPLIST_FILE = SaladBarTests/Info.plist;
				IPHONEOS_DEPLOYMENT_TARGET = 10.0;
				LD_RUNPATH_SEARCH_PATHS = "$(inherited) @executable_path/Frameworks @loader_path/Frameworks";
				PRODUCT_BUNDLE_IDENTIFIER = inc.stamp.SaladBarTests;
				PRODUCT_NAME = "$(TARGET_NAME)";
				SWIFT_ACTIVE_COMPILATION_CONDITIONS = DEBUG;
				SWIFT_VERSION = 3.0;
				TEST_HOST = "$(BUILT_PRODUCTS_DIR)/SaladBar.app/SaladBar";
			};
			name = Debug;
		};
		12CB1A7F1D95184300E69000 /* Release */ = {
			isa = XCBuildConfiguration;
			buildSettings = {
				ALWAYS_EMBED_SWIFT_STANDARD_LIBRARIES = YES;
				BUNDLE_LOADER = "$(TEST_HOST)";
				CLANG_WARN_DOCUMENTATION_COMMENTS = YES;
				CLANG_WARN_INFINITE_RECURSION = YES;
				CLANG_WARN_SUSPICIOUS_MOVES = YES;
				DEVELOPMENT_TEAM = 88ACA86N96;
				INFOPLIST_FILE = SaladBarTests/Info.plist;
				IPHONEOS_DEPLOYMENT_TARGET = 10.0;
				LD_RUNPATH_SEARCH_PATHS = "$(inherited) @executable_path/Frameworks @loader_path/Frameworks";
				PRODUCT_BUNDLE_IDENTIFIER = inc.stamp.SaladBarTests;
				PRODUCT_NAME = "$(TARGET_NAME)";
				SWIFT_OPTIMIZATION_LEVEL = "-Owholemodule";
				SWIFT_VERSION = 3.0;
				TEST_HOST = "$(BUILT_PRODUCTS_DIR)/SaladBar.app/SaladBar";
			};
			name = Release;
		};
		12CB1A801D95184300E69000 /* Debug */ = {
			isa = XCBuildConfiguration;
			buildSettings = {
				ALWAYS_EMBED_SWIFT_STANDARD_LIBRARIES = YES;
				CLANG_WARN_DOCUMENTATION_COMMENTS = YES;
				CLANG_WARN_INFINITE_RECURSION = YES;
				CLANG_WARN_SUSPICIOUS_MOVES = YES;
				DEVELOPMENT_TEAM = 88ACA86N96;
				INFOPLIST_FILE = SaladBarUITests/Info.plist;
				IPHONEOS_DEPLOYMENT_TARGET = 10.0;
				LD_RUNPATH_SEARCH_PATHS = "$(inherited) @executable_path/Frameworks @loader_path/Frameworks";
				PRODUCT_BUNDLE_IDENTIFIER = inc.stamp.SaladBarUITests;
				PRODUCT_NAME = "$(TARGET_NAME)";
				SWIFT_ACTIVE_COMPILATION_CONDITIONS = DEBUG;
				SWIFT_VERSION = 3.0;
				TEST_TARGET_NAME = SaladBar;
			};
			name = Debug;
		};
		12CB1A811D95184300E69000 /* Release */ = {
			isa = XCBuildConfiguration;
			buildSettings = {
				ALWAYS_EMBED_SWIFT_STANDARD_LIBRARIES = YES;
				CLANG_WARN_DOCUMENTATION_COMMENTS = YES;
				CLANG_WARN_INFINITE_RECURSION = YES;
				CLANG_WARN_SUSPICIOUS_MOVES = YES;
				DEVELOPMENT_TEAM = 88ACA86N96;
				INFOPLIST_FILE = SaladBarUITests/Info.plist;
				IPHONEOS_DEPLOYMENT_TARGET = 10.0;
				LD_RUNPATH_SEARCH_PATHS = "$(inherited) @executable_path/Frameworks @loader_path/Frameworks";
				PRODUCT_BUNDLE_IDENTIFIER = inc.stamp.SaladBarUITests;
				PRODUCT_NAME = "$(TARGET_NAME)";
				SWIFT_OPTIMIZATION_LEVEL = "-Owholemodule";
				SWIFT_VERSION = 3.0;
				TEST_TARGET_NAME = SaladBar;
			};
			name = Release;
		};
/* End XCBuildConfiguration section */

/* Begin XCConfigurationList section */
		122314E91D618B22003864BD /* Build configuration list for PBXProject "Salada" */ = {
			isa = XCConfigurationList;
			buildConfigurations = (
				122314FE1D618B22003864BD /* Debug */,
				122314FF1D618B22003864BD /* Release */,
			);
			defaultConfigurationIsVisible = 0;
			defaultConfigurationName = Release;
		};
		122315411D645A7A003864BD /* Build configuration list for PBXNativeTarget "Salada" */ = {
			isa = XCConfigurationList;
			buildConfigurations = (
				122315421D645A7A003864BD /* Debug */,
				122315431D645A7A003864BD /* Release */,
			);
			defaultConfigurationIsVisible = 0;
			defaultConfigurationName = Release;
		};
		129DF27E1D654A1F00AD8148 /* Build configuration list for PBXNativeTarget "SaladaTests" */ = {
			isa = XCConfigurationList;
			buildConfigurations = (
				129DF27C1D654A1F00AD8148 /* Debug */,
				129DF27D1D654A1F00AD8148 /* Release */,
			);
			defaultConfigurationIsVisible = 0;
			defaultConfigurationName = Release;
		};
		12CB1A821D95184300E69000 /* Build configuration list for PBXNativeTarget "SaladBar" */ = {
			isa = XCConfigurationList;
			buildConfigurations = (
				12CB1A7C1D95184300E69000 /* Debug */,
				12CB1A7D1D95184300E69000 /* Release */,
			);
			defaultConfigurationIsVisible = 0;
			defaultConfigurationName = Release;
		};
		12CB1A831D95184300E69000 /* Build configuration list for PBXNativeTarget "SaladBarTests" */ = {
			isa = XCConfigurationList;
			buildConfigurations = (
				12CB1A7E1D95184300E69000 /* Debug */,
				12CB1A7F1D95184300E69000 /* Release */,
			);
			defaultConfigurationIsVisible = 0;
			defaultConfigurationName = Release;
		};
		12CB1A841D95184300E69000 /* Build configuration list for PBXNativeTarget "SaladBarUITests" */ = {
			isa = XCConfigurationList;
			buildConfigurations = (
				12CB1A801D95184300E69000 /* Debug */,
				12CB1A811D95184300E69000 /* Release */,
			);
			defaultConfigurationIsVisible = 0;
			defaultConfigurationName = Release;
		};
/* End XCConfigurationList section */
	};
	rootObject = 122314E61D618B22003864BD /* Project object */;
}
