// !$*UTF8*$!
{
	archiveVersion = 1;
	classes = {
	};
	objectVersion = 46;
	objects = {

/* Begin PBXBuildFile section */
		1237E6231ED034F50033AB46 /* AppDelegate.swift in Sources */ = {isa = PBXBuildFile; fileRef = 1237E6221ED034F50033AB46 /* AppDelegate.swift */; };
		1237E6251ED034F50033AB46 /* ViewController.swift in Sources */ = {isa = PBXBuildFile; fileRef = 1237E6241ED034F50033AB46 /* ViewController.swift */; };
		1237E6281ED034F50033AB46 /* Main.storyboard in Resources */ = {isa = PBXBuildFile; fileRef = 1237E6261ED034F50033AB46 /* Main.storyboard */; };
		1237E62A1ED034F50033AB46 /* Assets.xcassets in Resources */ = {isa = PBXBuildFile; fileRef = 1237E6291ED034F50033AB46 /* Assets.xcassets */; };
		1237E62D1ED034F50033AB46 /* LaunchScreen.storyboard in Resources */ = {isa = PBXBuildFile; fileRef = 1237E62B1ED034F50033AB46 /* LaunchScreen.storyboard */; };
		1237E6351ED037500033AB46 /* GoogleService-Info.plist in Resources */ = {isa = PBXBuildFile; fileRef = 1237E6341ED037500033AB46 /* GoogleService-Info.plist */; };
		1237E6371ED0387E0033AB46 /* SaladBar+.swift in Sources */ = {isa = PBXBuildFile; fileRef = 1237E6361ED0387E0033AB46 /* SaladBar+.swift */; };
		1237E6391ED038930033AB46 /* SaladBar+User.swift in Sources */ = {isa = PBXBuildFile; fileRef = 1237E6381ED038930033AB46 /* SaladBar+User.swift */; };
		1237E63B1ED040870033AB46 /* FeedViewCell.swift in Sources */ = {isa = PBXBuildFile; fileRef = 1237E63A1ED040870033AB46 /* FeedViewCell.swift */; };
		1237E63D1ED0414B0033AB46 /* SaladBar+Feed.swift in Sources */ = {isa = PBXBuildFile; fileRef = 1237E63C1ED0414B0033AB46 /* SaladBar+Feed.swift */; };
		1237E63F1ED042280033AB46 /* TimelineViewController.swift in Sources */ = {isa = PBXBuildFile; fileRef = 1237E63E1ED042280033AB46 /* TimelineViewController.swift */; };
		1237E6411ED047360033AB46 /* Entrance.storyboard in Resources */ = {isa = PBXBuildFile; fileRef = 1237E6401ED047360033AB46 /* Entrance.storyboard */; };
		1237E6431ED04A8F0033AB46 /* EntranceViewController.swift in Sources */ = {isa = PBXBuildFile; fileRef = 1237E6421ED04A8F0033AB46 /* EntranceViewController.swift */; };
		1237E6481ED051870033AB46 /* FeedGenerator.swift in Sources */ = {isa = PBXBuildFile; fileRef = 1237E6471ED051870033AB46 /* FeedGenerator.swift */; };
		DF50D3C7679E6092C1C853E6 /* Pods_SaladBar.framework in Frameworks */ = {isa = PBXBuildFile; fileRef = 650B494013989A47479F857F /* Pods_SaladBar.framework */; };
/* End PBXBuildFile section */

/* Begin PBXFileReference section */
		1237E61F1ED034F50033AB46 /* SaladBar.app */ = {isa = PBXFileReference; explicitFileType = wrapper.application; includeInIndex = 0; path = SaladBar.app; sourceTree = BUILT_PRODUCTS_DIR; };
		1237E6221ED034F50033AB46 /* AppDelegate.swift */ = {isa = PBXFileReference; lastKnownFileType = sourcecode.swift; path = AppDelegate.swift; sourceTree = "<group>"; };
		1237E6241ED034F50033AB46 /* ViewController.swift */ = {isa = PBXFileReference; lastKnownFileType = sourcecode.swift; path = ViewController.swift; sourceTree = "<group>"; };
		1237E6271ED034F50033AB46 /* Base */ = {isa = PBXFileReference; lastKnownFileType = file.storyboard; name = Base; path = Base.lproj/Main.storyboard; sourceTree = "<group>"; };
		1237E6291ED034F50033AB46 /* Assets.xcassets */ = {isa = PBXFileReference; lastKnownFileType = folder.assetcatalog; path = Assets.xcassets; sourceTree = "<group>"; };
		1237E62C1ED034F50033AB46 /* Base */ = {isa = PBXFileReference; lastKnownFileType = file.storyboard; name = Base; path = Base.lproj/LaunchScreen.storyboard; sourceTree = "<group>"; };
		1237E62E1ED034F50033AB46 /* Info.plist */ = {isa = PBXFileReference; lastKnownFileType = text.plist.xml; path = Info.plist; sourceTree = "<group>"; };
		1237E6341ED037500033AB46 /* GoogleService-Info.plist */ = {isa = PBXFileReference; fileEncoding = 4; lastKnownFileType = text.plist.xml; path = "GoogleService-Info.plist"; sourceTree = "<group>"; };
		1237E6361ED0387E0033AB46 /* SaladBar+.swift */ = {isa = PBXFileReference; fileEncoding = 4; lastKnownFileType = sourcecode.swift; path = "SaladBar+.swift"; sourceTree = "<group>"; };
		1237E6381ED038930033AB46 /* SaladBar+User.swift */ = {isa = PBXFileReference; fileEncoding = 4; lastKnownFileType = sourcecode.swift; path = "SaladBar+User.swift"; sourceTree = "<group>"; };
		1237E63A1ED040870033AB46 /* FeedViewCell.swift */ = {isa = PBXFileReference; fileEncoding = 4; lastKnownFileType = sourcecode.swift; path = FeedViewCell.swift; sourceTree = "<group>"; };
		1237E63C1ED0414B0033AB46 /* SaladBar+Feed.swift */ = {isa = PBXFileReference; fileEncoding = 4; lastKnownFileType = sourcecode.swift; path = "SaladBar+Feed.swift"; sourceTree = "<group>"; };
		1237E63E1ED042280033AB46 /* TimelineViewController.swift */ = {isa = PBXFileReference; fileEncoding = 4; lastKnownFileType = sourcecode.swift; path = TimelineViewController.swift; sourceTree = "<group>"; };
		1237E6401ED047360033AB46 /* Entrance.storyboard */ = {isa = PBXFileReference; fileEncoding = 4; lastKnownFileType = file.storyboard; path = Entrance.storyboard; sourceTree = "<group>"; };
		1237E6421ED04A8F0033AB46 /* EntranceViewController.swift */ = {isa = PBXFileReference; fileEncoding = 4; lastKnownFileType = sourcecode.swift; path = EntranceViewController.swift; sourceTree = "<group>"; };
		1237E6471ED051870033AB46 /* FeedGenerator.swift */ = {isa = PBXFileReference; fileEncoding = 4; lastKnownFileType = sourcecode.swift; path = FeedGenerator.swift; sourceTree = "<group>"; };
		278C4D4218197923FCDB27AD /* Pods-SaladBar.release.xcconfig */ = {isa = PBXFileReference; includeInIndex = 1; lastKnownFileType = text.xcconfig; name = "Pods-SaladBar.release.xcconfig"; path = "Pods/Target Support Files/Pods-SaladBar/Pods-SaladBar.release.xcconfig"; sourceTree = "<group>"; };
		650B494013989A47479F857F /* Pods_SaladBar.framework */ = {isa = PBXFileReference; explicitFileType = wrapper.framework; includeInIndex = 0; path = Pods_SaladBar.framework; sourceTree = BUILT_PRODUCTS_DIR; };
		ED4321E95E672576E84A5DAD /* Pods-SaladBar.debug.xcconfig */ = {isa = PBXFileReference; includeInIndex = 1; lastKnownFileType = text.xcconfig; name = "Pods-SaladBar.debug.xcconfig"; path = "Pods/Target Support Files/Pods-SaladBar/Pods-SaladBar.debug.xcconfig"; sourceTree = "<group>"; };
/* End PBXFileReference section */

/* Begin PBXFrameworksBuildPhase section */
		1237E61C1ED034F50033AB46 /* Frameworks */ = {
			isa = PBXFrameworksBuildPhase;
			buildActionMask = 2147483647;
			files = (
				DF50D3C7679E6092C1C853E6 /* Pods_SaladBar.framework in Frameworks */,
			);
			runOnlyForDeploymentPostprocessing = 0;
		};
/* End PBXFrameworksBuildPhase section */

/* Begin PBXGroup section */
		1237E6161ED034F50033AB46 = {
			isa = PBXGroup;
			children = (
				1237E6211ED034F50033AB46 /* SaladBar */,
				1237E6201ED034F50033AB46 /* Products */,
				51DA202932BDFDBCC3936971 /* Pods */,
				29EA1FA920C5067902CC741E /* Frameworks */,
			);
			sourceTree = "<group>";
		};
		1237E6201ED034F50033AB46 /* Products */ = {
			isa = PBXGroup;
			children = (
				1237E61F1ED034F50033AB46 /* SaladBar.app */,
			);
			name = Products;
			sourceTree = "<group>";
		};
		1237E6211ED034F50033AB46 /* SaladBar */ = {
			isa = PBXGroup;
			children = (
				1237E6451ED051330033AB46 /* Application */,
				1237E6441ED0512A0033AB46 /* DB */,
				1237E6461ED051440033AB46 /* UI */,
				1237E6471ED051870033AB46 /* FeedGenerator.swift */,
			);
			path = SaladBar;
			sourceTree = "<group>";
		};
		1237E6441ED0512A0033AB46 /* DB */ = {
			isa = PBXGroup;
			children = (
				1237E6361ED0387E0033AB46 /* SaladBar+.swift */,
				1237E6381ED038930033AB46 /* SaladBar+User.swift */,
				1237E63C1ED0414B0033AB46 /* SaladBar+Feed.swift */,
			);
			name = DB;
			sourceTree = "<group>";
		};
		1237E6451ED051330033AB46 /* Application */ = {
			isa = PBXGroup;
			children = (
				1237E6291ED034F50033AB46 /* Assets.xcassets */,
				1237E62B1ED034F50033AB46 /* LaunchScreen.storyboard */,
				1237E62E1ED034F50033AB46 /* Info.plist */,
				1237E6341ED037500033AB46 /* GoogleService-Info.plist */,
				1237E6221ED034F50033AB46 /* AppDelegate.swift */,
			);
			name = Application;
			sourceTree = "<group>";
		};
		1237E6461ED051440033AB46 /* UI */ = {
			isa = PBXGroup;
			children = (
				1237E63A1ED040870033AB46 /* FeedViewCell.swift */,
				1237E6241ED034F50033AB46 /* ViewController.swift */,
				1237E63E1ED042280033AB46 /* TimelineViewController.swift */,
				1237E6261ED034F50033AB46 /* Main.storyboard */,
				1237E6401ED047360033AB46 /* Entrance.storyboard */,
				1237E6421ED04A8F0033AB46 /* EntranceViewController.swift */,
			);
			name = UI;
			sourceTree = "<group>";
		};
		29EA1FA920C5067902CC741E /* Frameworks */ = {
			isa = PBXGroup;
			children = (
				650B494013989A47479F857F /* Pods_SaladBar.framework */,
			);
			name = Frameworks;
			sourceTree = "<group>";
		};
		51DA202932BDFDBCC3936971 /* Pods */ = {
			isa = PBXGroup;
			children = (
				ED4321E95E672576E84A5DAD /* Pods-SaladBar.debug.xcconfig */,
				278C4D4218197923FCDB27AD /* Pods-SaladBar.release.xcconfig */,
			);
			name = Pods;
			sourceTree = "<group>";
		};
/* End PBXGroup section */

/* Begin PBXNativeTarget section */
		1237E61E1ED034F50033AB46 /* SaladBar */ = {
			isa = PBXNativeTarget;
			buildConfigurationList = 1237E6311ED034F50033AB46 /* Build configuration list for PBXNativeTarget "SaladBar" */;
			buildPhases = (
				0F08B187F1A652793ADD38F2 /* [CP] Check Pods Manifest.lock */,
				1237E61B1ED034F50033AB46 /* Sources */,
				1237E61C1ED034F50033AB46 /* Frameworks */,
				1237E61D1ED034F50033AB46 /* Resources */,
				21FEFBEC00A2B300D8F7D946 /* [CP] Embed Pods Frameworks */,
				447CBD968CB5D8844950FBB4 /* [CP] Copy Pods Resources */,
			);
			buildRules = (
			);
			dependencies = (
			);
			name = SaladBar;
			productName = SaladBar;
			productReference = 1237E61F1ED034F50033AB46 /* SaladBar.app */;
			productType = "com.apple.product-type.application";
		};
/* End PBXNativeTarget section */

/* Begin PBXProject section */
		1237E6171ED034F50033AB46 /* Project object */ = {
			isa = PBXProject;
			attributes = {
				LastSwiftUpdateCheck = 0830;
				LastUpgradeCheck = 0830;
				ORGANIZATIONNAME = "Stamp Inc";
				TargetAttributes = {
					1237E61E1ED034F50033AB46 = {
						CreatedOnToolsVersion = 8.3.2;
						DevelopmentTeam = 88ACA86N96;
						ProvisioningStyle = Automatic;
					};
				};
			};
			buildConfigurationList = 1237E61A1ED034F50033AB46 /* Build configuration list for PBXProject "SaladBar" */;
			compatibilityVersion = "Xcode 3.2";
			developmentRegion = English;
			hasScannedForEncodings = 0;
			knownRegions = (
				en,
				Base,
			);
			mainGroup = 1237E6161ED034F50033AB46;
			productRefGroup = 1237E6201ED034F50033AB46 /* Products */;
			projectDirPath = "";
			projectRoot = "";
			targets = (
				1237E61E1ED034F50033AB46 /* SaladBar */,
			);
		};
/* End PBXProject section */

/* Begin PBXResourcesBuildPhase section */
		1237E61D1ED034F50033AB46 /* Resources */ = {
			isa = PBXResourcesBuildPhase;
			buildActionMask = 2147483647;
			files = (
				1237E62D1ED034F50033AB46 /* LaunchScreen.storyboard in Resources */,
				1237E6351ED037500033AB46 /* GoogleService-Info.plist in Resources */,
				1237E62A1ED034F50033AB46 /* Assets.xcassets in Resources */,
				1237E6411ED047360033AB46 /* Entrance.storyboard in Resources */,
				1237E6281ED034F50033AB46 /* Main.storyboard in Resources */,
			);
			runOnlyForDeploymentPostprocessing = 0;
		};
/* End PBXResourcesBuildPhase section */

/* Begin PBXShellScriptBuildPhase section */
		0F08B187F1A652793ADD38F2 /* [CP] Check Pods Manifest.lock */ = {
			isa = PBXShellScriptBuildPhase;
			buildActionMask = 2147483647;
			files = (
			);
			inputPaths = (
			);
			name = "[CP] Check Pods Manifest.lock";
			outputPaths = (
			);
			runOnlyForDeploymentPostprocessing = 0;
			shellPath = /bin/sh;
			shellScript = "diff \"${PODS_ROOT}/../Podfile.lock\" \"${PODS_ROOT}/Manifest.lock\" > /dev/null\nif [ $? != 0 ] ; then\n    # print error to STDERR\n    echo \"error: The sandbox is not in sync with the Podfile.lock. Run 'pod install' or update your CocoaPods installation.\" >&2\n    exit 1\nfi\n";
			showEnvVarsInLog = 0;
		};
		21FEFBEC00A2B300D8F7D946 /* [CP] Embed Pods Frameworks */ = {
			isa = PBXShellScriptBuildPhase;
			buildActionMask = 2147483647;
			files = (
			);
			inputPaths = (
			);
			name = "[CP] Embed Pods Frameworks";
			outputPaths = (
			);
			runOnlyForDeploymentPostprocessing = 0;
			shellPath = /bin/sh;
			shellScript = "\"${SRCROOT}/Pods/Target Support Files/Pods-SaladBar/Pods-SaladBar-frameworks.sh\"\n";
			showEnvVarsInLog = 0;
		};
		447CBD968CB5D8844950FBB4 /* [CP] Copy Pods Resources */ = {
			isa = PBXShellScriptBuildPhase;
			buildActionMask = 2147483647;
			files = (
			);
			inputPaths = (
			);
			name = "[CP] Copy Pods Resources";
			outputPaths = (
			);
			runOnlyForDeploymentPostprocessing = 0;
			shellPath = /bin/sh;
			shellScript = "\"${SRCROOT}/Pods/Target Support Files/Pods-SaladBar/Pods-SaladBar-resources.sh\"\n";
			showEnvVarsInLog = 0;
		};
/* End PBXShellScriptBuildPhase section */

/* Begin PBXSourcesBuildPhase section */
		1237E61B1ED034F50033AB46 /* Sources */ = {
			isa = PBXSourcesBuildPhase;
			buildActionMask = 2147483647;
			files = (
				1237E6251ED034F50033AB46 /* ViewController.swift in Sources */,
				1237E63D1ED0414B0033AB46 /* SaladBar+Feed.swift in Sources */,
				1237E6391ED038930033AB46 /* SaladBar+User.swift in Sources */,
				1237E6481ED051870033AB46 /* FeedGenerator.swift in Sources */,
				1237E63B1ED040870033AB46 /* FeedViewCell.swift in Sources */,
				1237E63F1ED042280033AB46 /* TimelineViewController.swift in Sources */,
				1237E6231ED034F50033AB46 /* AppDelegate.swift in Sources */,
				1237E6431ED04A8F0033AB46 /* EntranceViewController.swift in Sources */,
				1237E6371ED0387E0033AB46 /* SaladBar+.swift in Sources */,
			);
			runOnlyForDeploymentPostprocessing = 0;
		};
/* End PBXSourcesBuildPhase section */

/* Begin PBXVariantGroup section */
		1237E6261ED034F50033AB46 /* Main.storyboard */ = {
			isa = PBXVariantGroup;
			children = (
				1237E6271ED034F50033AB46 /* Base */,
			);
			name = Main.storyboard;
			sourceTree = "<group>";
		};
		1237E62B1ED034F50033AB46 /* LaunchScreen.storyboard */ = {
			isa = PBXVariantGroup;
			children = (
				1237E62C1ED034F50033AB46 /* Base */,
			);
			name = LaunchScreen.storyboard;
			sourceTree = "<group>";
		};
/* End PBXVariantGroup section */

/* Begin XCBuildConfiguration section */
		1237E62F1ED034F50033AB46 /* Debug */ = {
			isa = XCBuildConfiguration;
			buildSettings = {
				ALWAYS_SEARCH_USER_PATHS = NO;
				CLANG_ANALYZER_NONNULL = YES;
				CLANG_ANALYZER_NUMBER_OBJECT_CONVERSION = YES_AGGRESSIVE;
				CLANG_CXX_LANGUAGE_STANDARD = "gnu++0x";
				CLANG_CXX_LIBRARY = "libc++";
				CLANG_ENABLE_MODULES = YES;
				CLANG_ENABLE_OBJC_ARC = YES;
				CLANG_WARN_BOOL_CONVERSION = YES;
				CLANG_WARN_CONSTANT_CONVERSION = YES;
				CLANG_WARN_DIRECT_OBJC_ISA_USAGE = YES_ERROR;
				CLANG_WARN_DOCUMENTATION_COMMENTS = YES;
				CLANG_WARN_EMPTY_BODY = YES;
				CLANG_WARN_ENUM_CONVERSION = YES;
				CLANG_WARN_INFINITE_RECURSION = YES;
				CLANG_WARN_INT_CONVERSION = YES;
				CLANG_WARN_OBJC_ROOT_CLASS = YES_ERROR;
				CLANG_WARN_SUSPICIOUS_MOVE = YES;
				CLANG_WARN_UNREACHABLE_CODE = YES;
				CLANG_WARN__DUPLICATE_METHOD_MATCH = YES;
				"CODE_SIGN_IDENTITY[sdk=iphoneos*]" = "iPhone Developer";
				COPY_PHASE_STRIP = NO;
				DEBUG_INFORMATION_FORMAT = dwarf;
				ENABLE_STRICT_OBJC_MSGSEND = YES;
				ENABLE_TESTABILITY = YES;
				GCC_C_LANGUAGE_STANDARD = gnu99;
				GCC_DYNAMIC_NO_PIC = NO;
				GCC_NO_COMMON_BLOCKS = YES;
				GCC_OPTIMIZATION_LEVEL = 0;
				GCC_PREPROCESSOR_DEFINITIONS = (
					"DEBUG=1",
					"$(inherited)",
				);
				GCC_WARN_64_TO_32_BIT_CONVERSION = YES;
				GCC_WARN_ABOUT_RETURN_TYPE = YES_ERROR;
				GCC_WARN_UNDECLARED_SELECTOR = YES;
				GCC_WARN_UNINITIALIZED_AUTOS = YES_AGGRESSIVE;
				GCC_WARN_UNUSED_FUNCTION = YES;
				GCC_WARN_UNUSED_VARIABLE = YES;
				IPHONEOS_DEPLOYMENT_TARGET = 10.3;
				MTL_ENABLE_DEBUG_INFO = YES;
				ONLY_ACTIVE_ARCH = YES;
				SDKROOT = iphoneos;
				SWIFT_ACTIVE_COMPILATION_CONDITIONS = DEBUG;
				SWIFT_OPTIMIZATION_LEVEL = "-Onone";
			};
			name = Debug;
		};
		1237E6301ED034F50033AB46 /* Release */ = {
			isa = XCBuildConfiguration;
			buildSettings = {
				ALWAYS_SEARCH_USER_PATHS = NO;
				CLANG_ANALYZER_NONNULL = YES;
				CLANG_ANALYZER_NUMBER_OBJECT_CONVERSION = YES_AGGRESSIVE;
				CLANG_CXX_LANGUAGE_STANDARD = "gnu++0x";
				CLANG_CXX_LIBRARY = "libc++";
				CLANG_ENABLE_MODULES = YES;
				CLANG_ENABLE_OBJC_ARC = YES;
				CLANG_WARN_BOOL_CONVERSION = YES;
				CLANG_WARN_CONSTANT_CONVERSION = YES;
				CLANG_WARN_DIRECT_OBJC_ISA_USAGE = YES_ERROR;
				CLANG_WARN_DOCUMENTATION_COMMENTS = YES;
				CLANG_WARN_EMPTY_BODY = YES;
				CLANG_WARN_ENUM_CONVERSION = YES;
				CLANG_WARN_INFINITE_RECURSION = YES;
				CLANG_WARN_INT_CONVERSION = YES;
				CLANG_WARN_OBJC_ROOT_CLASS = YES_ERROR;
				CLANG_WARN_SUSPICIOUS_MOVE = YES;
				CLANG_WARN_UNREACHABLE_CODE = YES;
				CLANG_WARN__DUPLICATE_METHOD_MATCH = YES;
				"CODE_SIGN_IDENTITY[sdk=iphoneos*]" = "iPhone Developer";
				COPY_PHASE_STRIP = NO;
				DEBUG_INFORMATION_FORMAT = "dwarf-with-dsym";
				ENABLE_NS_ASSERTIONS = NO;
				ENABLE_STRICT_OBJC_MSGSEND = YES;
				GCC_C_LANGUAGE_STANDARD = gnu99;
				GCC_NO_COMMON_BLOCKS = YES;
				GCC_WARN_64_TO_32_BIT_CONVERSION = YES;
				GCC_WARN_ABOUT_RETURN_TYPE = YES_ERROR;
				GCC_WARN_UNDECLARED_SELECTOR = YES;
				GCC_WARN_UNINITIALIZED_AUTOS = YES_AGGRESSIVE;
				GCC_WARN_UNUSED_FUNCTION = YES;
				GCC_WARN_UNUSED_VARIABLE = YES;
				IPHONEOS_DEPLOYMENT_TARGET = 10.3;
				MTL_ENABLE_DEBUG_INFO = NO;
				SDKROOT = iphoneos;
				SWIFT_OPTIMIZATION_LEVEL = "-Owholemodule";
				VALIDATE_PRODUCT = YES;
			};
			name = Release;
		};
		1237E6321ED034F50033AB46 /* Debug */ = {
			isa = XCBuildConfiguration;
			baseConfigurationReference = ED4321E95E672576E84A5DAD /* Pods-SaladBar.debug.xcconfig */;
			buildSettings = {
				ASSETCATALOG_COMPILER_APPICON_NAME = AppIcon;
				DEVELOPMENT_TEAM = 88ACA86N96;
				INFOPLIST_FILE = SaladBar/Info.plist;
				LD_RUNPATH_SEARCH_PATHS = "$(inherited) @executable_path/Frameworks";
				PRODUCT_BUNDLE_IDENTIFIER = inc.stamp.SaladBar;
				PRODUCT_NAME = "$(TARGET_NAME)";
				SWIFT_VERSION = 3.0;
			};
			name = Debug;
		};
		1237E6331ED034F50033AB46 /* Release */ = {
			isa = XCBuildConfiguration;
			baseConfigurationReference = 278C4D4218197923FCDB27AD /* Pods-SaladBar.release.xcconfig */;
			buildSettings = {
				ASSETCATALOG_COMPILER_APPICON_NAME = AppIcon;
				DEVELOPMENT_TEAM = 88ACA86N96;
				INFOPLIST_FILE = SaladBar/Info.plist;
				LD_RUNPATH_SEARCH_PATHS = "$(inherited) @executable_path/Frameworks";
				PRODUCT_BUNDLE_IDENTIFIER = inc.stamp.SaladBar;
				PRODUCT_NAME = "$(TARGET_NAME)";
				SWIFT_VERSION = 3.0;
			};
			name = Release;
		};
/* End XCBuildConfiguration section */

/* Begin XCConfigurationList section */
		1237E61A1ED034F50033AB46 /* Build configuration list for PBXProject "SaladBar" */ = {
			isa = XCConfigurationList;
			buildConfigurations = (
				1237E62F1ED034F50033AB46 /* Debug */,
				1237E6301ED034F50033AB46 /* Release */,
			);
			defaultConfigurationIsVisible = 0;
			defaultConfigurationName = Release;
		};
		1237E6311ED034F50033AB46 /* Build configuration list for PBXNativeTarget "SaladBar" */ = {
			isa = XCConfigurationList;
			buildConfigurations = (
				1237E6321ED034F50033AB46 /* Debug */,
				1237E6331ED034F50033AB46 /* Release */,
			);
			defaultConfigurationIsVisible = 0;
			defaultConfigurationName = Release;
		};
/* End XCConfigurationList section */
	};
	rootObject = 1237E6171ED034F50033AB46 /* Project object */;
}
